// !$*UTF8*$!
{
	archiveVersion = 1;
	classes = {
	};
	objectVersion = 50;
	objects = {

/* Begin PBXBuildFile section */
		C515A27F252D18F90087470B /* GFEmptyStateView.swift in Sources */ = {isa = PBXBuildFile; fileRef = C515A27E252D18F90087470B /* GFEmptyStateView.swift */; };
		C54430C42518A65F00746B47 /* AppDelegate.swift in Sources */ = {isa = PBXBuildFile; fileRef = C54430C32518A65F00746B47 /* AppDelegate.swift */; };
		C54430C62518A65F00746B47 /* SceneDelegate.swift in Sources */ = {isa = PBXBuildFile; fileRef = C54430C52518A65F00746B47 /* SceneDelegate.swift */; };
		C54430C82518A65F00746B47 /* ViewController.swift in Sources */ = {isa = PBXBuildFile; fileRef = C54430C72518A65F00746B47 /* ViewController.swift */; };
		C54430CD2518A66000746B47 /* Assets.xcassets in Resources */ = {isa = PBXBuildFile; fileRef = C54430CC2518A66000746B47 /* Assets.xcassets */; };
		C54430D02518A66000746B47 /* LaunchScreen.storyboard in Resources */ = {isa = PBXBuildFile; fileRef = C54430CE2518A66000746B47 /* LaunchScreen.storyboard */; };
		C54430D82518AF8700746B47 /* SearchVC.swift in Sources */ = {isa = PBXBuildFile; fileRef = C54430D72518AF8700746B47 /* SearchVC.swift */; };
		C54430DA2518AFC200746B47 /* FavoriteListVC.swift in Sources */ = {isa = PBXBuildFile; fileRef = C54430D92518AFC200746B47 /* FavoriteListVC.swift */; };
		C54430DC2518C07D00746B47 /* GFButton.swift in Sources */ = {isa = PBXBuildFile; fileRef = C54430DB2518C07D00746B47 /* GFButton.swift */; };
		C54430DE2518C4DB00746B47 /* GFTextField.swift in Sources */ = {isa = PBXBuildFile; fileRef = C54430DD2518C4DB00746B47 /* GFTextField.swift */; };
		C5CB5AAA252777FF003164D7 /* FollowerListVC.swift in Sources */ = {isa = PBXBuildFile; fileRef = C5CB5AA9252777FF003164D7 /* FollowerListVC.swift */; };
		C5CB5AAC25277FAE003164D7 /* GFTitleLabel.swift in Sources */ = {isa = PBXBuildFile; fileRef = C5CB5AAB25277FAE003164D7 /* GFTitleLabel.swift */; };
		C5CB5AAE25278292003164D7 /* GFBodyLabel.swift in Sources */ = {isa = PBXBuildFile; fileRef = C5CB5AAD25278292003164D7 /* GFBodyLabel.swift */; };
		C5E66E142527ACB90052A596 /* GFAlertVC.swift in Sources */ = {isa = PBXBuildFile; fileRef = C5E66E132527ACB90052A596 /* GFAlertVC.swift */; };
		C5E66E162527DB670052A596 /* UIViewController+Ext.swift in Sources */ = {isa = PBXBuildFile; fileRef = C5E66E152527DB670052A596 /* UIViewController+Ext.swift */; };
		C5E859AC2530BAC00069706A /* UserInfoVC.swift in Sources */ = {isa = PBXBuildFile; fileRef = C5E859AB2530BAC00069706A /* UserInfoVC.swift */; };
		C5E859AE25321F2E0069706A /* GFUserHeaderVC.swift in Sources */ = {isa = PBXBuildFile; fileRef = C5E859AD25321F2E0069706A /* GFUserHeaderVC.swift */; };
		C5E859B025321FDF0069706A /* GFSecondaryTitleLabel.swift in Sources */ = {isa = PBXBuildFile; fileRef = C5E859AF25321FDF0069706A /* GFSecondaryTitleLabel.swift */; };
		C5E859B2253238FB0069706A /* constants.swift in Sources */ = {isa = PBXBuildFile; fileRef = C5E859B1253238FB0069706A /* constants.swift */; };
		C5E859B4253607A50069706A /* GFItemInfoView.swift in Sources */ = {isa = PBXBuildFile; fileRef = C5E859B3253607A50069706A /* GFItemInfoView.swift */; };
		C5E859B625360D840069706A /* GFItemInfoVC.swift in Sources */ = {isa = PBXBuildFile; fileRef = C5E859B525360D840069706A /* GFItemInfoVC.swift */; };
		C5E859BA2536153C0069706A /* GFFollowerItemVC.swift in Sources */ = {isa = PBXBuildFile; fileRef = C5E859B92536153C0069706A /* GFFollowerItemVC.swift */; };
		C5EB93A6253F4106008907FD /* PersistanceManager.swift in Sources */ = {isa = PBXBuildFile; fileRef = C5EB93A5253F4106008907FD /* PersistanceManager.swift */; };
		C5EB93A8253F5055008907FD /* FavoriteCell.swift in Sources */ = {isa = PBXBuildFile; fileRef = C5EB93A7253F5055008907FD /* FavoriteCell.swift */; };
		C5EE41F925361B080009C50C /* GFRepoInfoVC.swift in Sources */ = {isa = PBXBuildFile; fileRef = C5EE41F825361B080009C50C /* GFRepoInfoVC.swift */; };
		C5EE41FB253753910009C50C /* Date+ext.swift in Sources */ = {isa = PBXBuildFile; fileRef = C5EE41FA253753910009C50C /* Date+ext.swift */; };
		C5EE41FD2537541E0009C50C /* String+ext.swift in Sources */ = {isa = PBXBuildFile; fileRef = C5EE41FC2537541E0009C50C /* String+ext.swift */; };
		C5F0E79125289D380007B7C1 /* Follower.swift in Sources */ = {isa = PBXBuildFile; fileRef = C5F0E79025289D380007B7C1 /* Follower.swift */; };
		C5F0E79325289E0B0007B7C1 /* User.swift in Sources */ = {isa = PBXBuildFile; fileRef = C5F0E79225289E0B0007B7C1 /* User.swift */; };
		C5F0E7962528BAC60007B7C1 /* NetworkManager.swift in Sources */ = {isa = PBXBuildFile; fileRef = C5F0E7952528BAC60007B7C1 /* NetworkManager.swift */; };
		C5F0E7992528D4140007B7C1 /* GFError.swift in Sources */ = {isa = PBXBuildFile; fileRef = C5F0E7982528D4140007B7C1 /* GFError.swift */; };
		C5F0E79C2528E2DC0007B7C1 /* FollowerCell.swift in Sources */ = {isa = PBXBuildFile; fileRef = C5F0E79B2528E2DC0007B7C1 /* FollowerCell.swift */; };
		C5F0E79E2528E4260007B7C1 /* GFAvatarImageView.swift in Sources */ = {isa = PBXBuildFile; fileRef = C5F0E79D2528E4260007B7C1 /* GFAvatarImageView.swift */; };
		C5F0E7A0252B7E390007B7C1 /* UIHelper.swift in Sources */ = {isa = PBXBuildFile; fileRef = C5F0E79F252B7E390007B7C1 /* UIHelper.swift */; };
/* End PBXBuildFile section */

/* Begin PBXFileReference section */
		C515A27E252D18F90087470B /* GFEmptyStateView.swift */ = {isa = PBXFileReference; lastKnownFileType = sourcecode.swift; path = GFEmptyStateView.swift; sourceTree = "<group>"; };
		C54430C02518A65F00746B47 /* GHFollowers.app */ = {isa = PBXFileReference; explicitFileType = wrapper.application; includeInIndex = 0; path = GHFollowers.app; sourceTree = BUILT_PRODUCTS_DIR; };
		C54430C32518A65F00746B47 /* AppDelegate.swift */ = {isa = PBXFileReference; lastKnownFileType = sourcecode.swift; path = AppDelegate.swift; sourceTree = "<group>"; };
		C54430C52518A65F00746B47 /* SceneDelegate.swift */ = {isa = PBXFileReference; lastKnownFileType = sourcecode.swift; path = SceneDelegate.swift; sourceTree = "<group>"; };
		C54430C72518A65F00746B47 /* ViewController.swift */ = {isa = PBXFileReference; lastKnownFileType = sourcecode.swift; path = ViewController.swift; sourceTree = "<group>"; };
		C54430CC2518A66000746B47 /* Assets.xcassets */ = {isa = PBXFileReference; lastKnownFileType = folder.assetcatalog; path = Assets.xcassets; sourceTree = "<group>"; };
		C54430CF2518A66000746B47 /* Base */ = {isa = PBXFileReference; lastKnownFileType = file.storyboard; name = Base; path = Base.lproj/LaunchScreen.storyboard; sourceTree = "<group>"; };
		C54430D12518A66000746B47 /* Info.plist */ = {isa = PBXFileReference; lastKnownFileType = text.plist.xml; path = Info.plist; sourceTree = "<group>"; };
		C54430D72518AF8700746B47 /* SearchVC.swift */ = {isa = PBXFileReference; lastKnownFileType = sourcecode.swift; path = SearchVC.swift; sourceTree = "<group>"; };
		C54430D92518AFC200746B47 /* FavoriteListVC.swift */ = {isa = PBXFileReference; lastKnownFileType = sourcecode.swift; path = FavoriteListVC.swift; sourceTree = "<group>"; };
		C54430DB2518C07D00746B47 /* GFButton.swift */ = {isa = PBXFileReference; lastKnownFileType = sourcecode.swift; path = GFButton.swift; sourceTree = "<group>"; };
		C54430DD2518C4DB00746B47 /* GFTextField.swift */ = {isa = PBXFileReference; lastKnownFileType = sourcecode.swift; path = GFTextField.swift; sourceTree = "<group>"; };
		C5CB5AA9252777FF003164D7 /* FollowerListVC.swift */ = {isa = PBXFileReference; lastKnownFileType = sourcecode.swift; path = FollowerListVC.swift; sourceTree = "<group>"; };
		C5CB5AAB25277FAE003164D7 /* GFTitleLabel.swift */ = {isa = PBXFileReference; lastKnownFileType = sourcecode.swift; path = GFTitleLabel.swift; sourceTree = "<group>"; };
		C5CB5AAD25278292003164D7 /* GFBodyLabel.swift */ = {isa = PBXFileReference; lastKnownFileType = sourcecode.swift; path = GFBodyLabel.swift; sourceTree = "<group>"; };
		C5E66E132527ACB90052A596 /* GFAlertVC.swift */ = {isa = PBXFileReference; lastKnownFileType = sourcecode.swift; path = GFAlertVC.swift; sourceTree = "<group>"; };
		C5E66E152527DB670052A596 /* UIViewController+Ext.swift */ = {isa = PBXFileReference; lastKnownFileType = sourcecode.swift; path = "UIViewController+Ext.swift"; sourceTree = "<group>"; };
		C5E859AB2530BAC00069706A /* UserInfoVC.swift */ = {isa = PBXFileReference; lastKnownFileType = sourcecode.swift; path = UserInfoVC.swift; sourceTree = "<group>"; };
		C5E859AD25321F2E0069706A /* GFUserHeaderVC.swift */ = {isa = PBXFileReference; lastKnownFileType = sourcecode.swift; path = GFUserHeaderVC.swift; sourceTree = "<group>"; };
		C5E859AF25321FDF0069706A /* GFSecondaryTitleLabel.swift */ = {isa = PBXFileReference; lastKnownFileType = sourcecode.swift; path = GFSecondaryTitleLabel.swift; sourceTree = "<group>"; };
		C5E859B1253238FB0069706A /* constants.swift */ = {isa = PBXFileReference; lastKnownFileType = sourcecode.swift; path = constants.swift; sourceTree = "<group>"; };
		C5E859B3253607A50069706A /* GFItemInfoView.swift */ = {isa = PBXFileReference; lastKnownFileType = sourcecode.swift; path = GFItemInfoView.swift; sourceTree = "<group>"; };
		C5E859B525360D840069706A /* GFItemInfoVC.swift */ = {isa = PBXFileReference; lastKnownFileType = sourcecode.swift; path = GFItemInfoVC.swift; sourceTree = "<group>"; };
		C5E859B92536153C0069706A /* GFFollowerItemVC.swift */ = {isa = PBXFileReference; lastKnownFileType = sourcecode.swift; path = GFFollowerItemVC.swift; sourceTree = "<group>"; };
		C5EB93A5253F4106008907FD /* PersistanceManager.swift */ = {isa = PBXFileReference; lastKnownFileType = sourcecode.swift; path = PersistanceManager.swift; sourceTree = "<group>"; };
		C5EB93A7253F5055008907FD /* FavoriteCell.swift */ = {isa = PBXFileReference; lastKnownFileType = sourcecode.swift; path = FavoriteCell.swift; sourceTree = "<group>"; };
		C5EE41F825361B080009C50C /* GFRepoInfoVC.swift */ = {isa = PBXFileReference; lastKnownFileType = sourcecode.swift; path = GFRepoInfoVC.swift; sourceTree = "<group>"; };
		C5EE41FA253753910009C50C /* Date+ext.swift */ = {isa = PBXFileReference; lastKnownFileType = sourcecode.swift; path = "Date+ext.swift"; sourceTree = "<group>"; };
		C5EE41FC2537541E0009C50C /* String+ext.swift */ = {isa = PBXFileReference; lastKnownFileType = sourcecode.swift; path = "String+ext.swift"; sourceTree = "<group>"; };
		C5F0E79025289D380007B7C1 /* Follower.swift */ = {isa = PBXFileReference; lastKnownFileType = sourcecode.swift; path = Follower.swift; sourceTree = "<group>"; };
		C5F0E79225289E0B0007B7C1 /* User.swift */ = {isa = PBXFileReference; lastKnownFileType = sourcecode.swift; path = User.swift; sourceTree = "<group>"; };
		C5F0E7952528BAC60007B7C1 /* NetworkManager.swift */ = {isa = PBXFileReference; lastKnownFileType = sourcecode.swift; path = NetworkManager.swift; sourceTree = "<group>"; };
		C5F0E7982528D4140007B7C1 /* GFError.swift */ = {isa = PBXFileReference; lastKnownFileType = sourcecode.swift; path = GFError.swift; sourceTree = "<group>"; };
		C5F0E79B2528E2DC0007B7C1 /* FollowerCell.swift */ = {isa = PBXFileReference; lastKnownFileType = sourcecode.swift; path = FollowerCell.swift; sourceTree = "<group>"; };
		C5F0E79D2528E4260007B7C1 /* GFAvatarImageView.swift */ = {isa = PBXFileReference; lastKnownFileType = sourcecode.swift; path = GFAvatarImageView.swift; sourceTree = "<group>"; };
		C5F0E79F252B7E390007B7C1 /* UIHelper.swift */ = {isa = PBXFileReference; lastKnownFileType = sourcecode.swift; path = UIHelper.swift; sourceTree = "<group>"; };
/* End PBXFileReference section */

/* Begin PBXFrameworksBuildPhase section */
		C54430BD2518A65F00746B47 /* Frameworks */ = {
			isa = PBXFrameworksBuildPhase;
			buildActionMask = 2147483647;
			files = (
			);
			runOnlyForDeploymentPostprocessing = 0;
		};
/* End PBXFrameworksBuildPhase section */

/* Begin PBXGroup section */
		C515A278252D17AF0087470B /* ViewControllers */ = {
			isa = PBXGroup;
			children = (
				C5E859BB253615820069706A /* ItemInfoViewControllers */,
				C5E66E132527ACB90052A596 /* GFAlertVC.swift */,
				C5E859AD25321F2E0069706A /* GFUserHeaderVC.swift */,
			);
			path = ViewControllers;
			sourceTree = "<group>";
		};
		C515A279252D17D80087470B /* ImageViews */ = {
			isa = PBXGroup;
			children = (
				C5F0E79D2528E4260007B7C1 /* GFAvatarImageView.swift */,
			);
			path = ImageViews;
			sourceTree = "<group>";
		};
		C515A27A252D17F30087470B /* TextFields */ = {
			isa = PBXGroup;
			children = (
				C54430DD2518C4DB00746B47 /* GFTextField.swift */,
			);
			path = TextFields;
			sourceTree = "<group>";
		};
		C515A27B252D18160087470B /* Buttons */ = {
			isa = PBXGroup;
			children = (
				C54430DB2518C07D00746B47 /* GFButton.swift */,
			);
			path = Buttons;
			sourceTree = "<group>";
		};
		C515A27C252D18210087470B /* Views */ = {
			isa = PBXGroup;
			children = (
				C515A27E252D18F90087470B /* GFEmptyStateView.swift */,
				C5E859B3253607A50069706A /* GFItemInfoView.swift */,
			);
			path = Views;
			sourceTree = "<group>";
		};
		C515A27D252D18670087470B /* Labels */ = {
			isa = PBXGroup;
			children = (
				C5CB5AAD25278292003164D7 /* GFBodyLabel.swift */,
				C5CB5AAB25277FAE003164D7 /* GFTitleLabel.swift */,
				C5E859AF25321FDF0069706A /* GFSecondaryTitleLabel.swift */,
			);
			path = Labels;
			sourceTree = "<group>";
		};
		C54430B72518A65F00746B47 = {
			isa = PBXGroup;
			children = (
				C54430C22518A65F00746B47 /* GHFollowers */,
				C54430C12518A65F00746B47 /* Products */,
			);
			sourceTree = "<group>";
		};
		C54430C12518A65F00746B47 /* Products */ = {
			isa = PBXGroup;
			children = (
				C54430C02518A65F00746B47 /* GHFollowers.app */,
			);
			name = Products;
			sourceTree = "<group>";
		};
		C54430C22518A65F00746B47 /* GHFollowers */ = {
			isa = PBXGroup;
			children = (
				C5F0E7972528D3EF0007B7C1 /* Utilities */,
				C5F0E7942528BA8A0007B7C1 /* Managers */,
				C5F0E78F25289D1A0007B7C1 /* Model */,
				C5F0E78E252896060007B7C1 /* Support */,
				C5F0E78D2528959D0007B7C1 /* Extensions */,
				C5F0E78C252895420007B7C1 /* Custom Views */,
				C5F0E78B252894C80007B7C1 /* Screens */,
				C54430D12518A66000746B47 /* Info.plist */,
			);
			path = GHFollowers;
			sourceTree = "<group>";
		};
		C5E859BB253615820069706A /* ItemInfoViewControllers */ = {
			isa = PBXGroup;
			children = (
				C5E859B525360D840069706A /* GFItemInfoVC.swift */,
				C5E859B92536153C0069706A /* GFFollowerItemVC.swift */,
				C5EE41F825361B080009C50C /* GFRepoInfoVC.swift */,
			);
			path = ItemInfoViewControllers;
			sourceTree = "<group>";
		};
		C5F0E78B252894C80007B7C1 /* Screens */ = {
			isa = PBXGroup;
			children = (
				C54430D72518AF8700746B47 /* SearchVC.swift */,
				C5CB5AA9252777FF003164D7 /* FollowerListVC.swift */,
				C54430D92518AFC200746B47 /* FavoriteListVC.swift */,
				C5E859AB2530BAC00069706A /* UserInfoVC.swift */,
			);
			path = Screens;
			sourceTree = "<group>";
		};
		C5F0E78C252895420007B7C1 /* Custom Views */ = {
			isa = PBXGroup;
			children = (
				C515A27D252D18670087470B /* Labels */,
				C515A27C252D18210087470B /* Views */,
				C515A27B252D18160087470B /* Buttons */,
				C515A27A252D17F30087470B /* TextFields */,
				C515A279252D17D80087470B /* ImageViews */,
				C515A278252D17AF0087470B /* ViewControllers */,
				C5F0E79A2528E0D20007B7C1 /* Cells */,
			);
			path = "Custom Views";
			sourceTree = "<group>";
		};
		C5F0E78D2528959D0007B7C1 /* Extensions */ = {
			isa = PBXGroup;
			children = (
				C5E66E152527DB670052A596 /* UIViewController+Ext.swift */,
				C5EE41FA253753910009C50C /* Date+ext.swift */,
				C5EE41FC2537541E0009C50C /* String+ext.swift */,
			);
			path = Extensions;
			sourceTree = "<group>";
		};
		C5F0E78E252896060007B7C1 /* Support */ = {
			isa = PBXGroup;
			children = (
				C54430C32518A65F00746B47 /* AppDelegate.swift */,
				C54430C52518A65F00746B47 /* SceneDelegate.swift */,
				C54430C72518A65F00746B47 /* ViewController.swift */,
				C54430CC2518A66000746B47 /* Assets.xcassets */,
				C54430CE2518A66000746B47 /* LaunchScreen.storyboard */,
			);
			path = Support;
			sourceTree = "<group>";
		};
		C5F0E78F25289D1A0007B7C1 /* Model */ = {
			isa = PBXGroup;
			children = (
				C5F0E79025289D380007B7C1 /* Follower.swift */,
				C5F0E79225289E0B0007B7C1 /* User.swift */,
			);
			path = Model;
			sourceTree = "<group>";
		};
		C5F0E7942528BA8A0007B7C1 /* Managers */ = {
			isa = PBXGroup;
			children = (
				C5F0E7952528BAC60007B7C1 /* NetworkManager.swift */,
				C5EB93A5253F4106008907FD /* PersistanceManager.swift */,
			);
			path = Managers;
			sourceTree = "<group>";
		};
		C5F0E7972528D3EF0007B7C1 /* Utilities */ = {
			isa = PBXGroup;
			children = (
				C5F0E7982528D4140007B7C1 /* GFError.swift */,
				C5F0E79F252B7E390007B7C1 /* UIHelper.swift */,
				C5E859B1253238FB0069706A /* constants.swift */,
			);
			path = Utilities;
			sourceTree = "<group>";
		};
		C5F0E79A2528E0D20007B7C1 /* Cells */ = {
			isa = PBXGroup;
			children = (
				C5F0E79B2528E2DC0007B7C1 /* FollowerCell.swift */,
				C5EB93A7253F5055008907FD /* FavoriteCell.swift */,
			);
			path = Cells;
			sourceTree = "<group>";
		};
/* End PBXGroup section */

/* Begin PBXNativeTarget section */
		C54430BF2518A65F00746B47 /* GHFollowers */ = {
			isa = PBXNativeTarget;
			buildConfigurationList = C54430D42518A66000746B47 /* Build configuration list for PBXNativeTarget "GHFollowers" */;
			buildPhases = (
				C54430BC2518A65F00746B47 /* Sources */,
				C54430BD2518A65F00746B47 /* Frameworks */,
				C54430BE2518A65F00746B47 /* Resources */,
			);
			buildRules = (
			);
			dependencies = (
			);
			name = GHFollowers;
			productName = GHFollowers;
			productReference = C54430C02518A65F00746B47 /* GHFollowers.app */;
			productType = "com.apple.product-type.application";
		};
/* End PBXNativeTarget section */

/* Begin PBXProject section */
		C54430B82518A65F00746B47 /* Project object */ = {
			isa = PBXProject;
			attributes = {
				LastSwiftUpdateCheck = 1130;
				LastUpgradeCheck = 1130;
				ORGANIZATIONNAME = Roland;
				TargetAttributes = {
					C54430BF2518A65F00746B47 = {
						CreatedOnToolsVersion = 11.3;
					};
				};
			};
			buildConfigurationList = C54430BB2518A65F00746B47 /* Build configuration list for PBXProject "GHFollowers" */;
			compatibilityVersion = "Xcode 9.3";
			developmentRegion = en;
			hasScannedForEncodings = 0;
			knownRegions = (
				en,
				Base,
			);
			mainGroup = C54430B72518A65F00746B47;
			productRefGroup = C54430C12518A65F00746B47 /* Products */;
			projectDirPath = "";
			projectRoot = "";
			targets = (
				C54430BF2518A65F00746B47 /* GHFollowers */,
			);
		};
/* End PBXProject section */

/* Begin PBXResourcesBuildPhase section */
		C54430BE2518A65F00746B47 /* Resources */ = {
			isa = PBXResourcesBuildPhase;
			buildActionMask = 2147483647;
			files = (
				C54430D02518A66000746B47 /* LaunchScreen.storyboard in Resources */,
				C54430CD2518A66000746B47 /* Assets.xcassets in Resources */,
			);
			runOnlyForDeploymentPostprocessing = 0;
		};
/* End PBXResourcesBuildPhase section */

/* Begin PBXSourcesBuildPhase section */
		C54430BC2518A65F00746B47 /* Sources */ = {
			isa = PBXSourcesBuildPhase;
			buildActionMask = 2147483647;
			files = (
				C54430D82518AF8700746B47 /* SearchVC.swift in Sources */,
				C5EE41F925361B080009C50C /* GFRepoInfoVC.swift in Sources */,
				C54430DA2518AFC200746B47 /* FavoriteListVC.swift in Sources */,
				C5E66E162527DB670052A596 /* UIViewController+Ext.swift in Sources */,
				C54430DC2518C07D00746B47 /* GFButton.swift in Sources */,
				C54430C82518A65F00746B47 /* ViewController.swift in Sources */,
				C515A27F252D18F90087470B /* GFEmptyStateView.swift in Sources */,
				C54430C42518A65F00746B47 /* AppDelegate.swift in Sources */,
				C5E859B025321FDF0069706A /* GFSecondaryTitleLabel.swift in Sources */,
				C5F0E79325289E0B0007B7C1 /* User.swift in Sources */,
				C5EE41FD2537541E0009C50C /* String+ext.swift in Sources */,
				C5F0E79C2528E2DC0007B7C1 /* FollowerCell.swift in Sources */,
				C5E859B2253238FB0069706A /* constants.swift in Sources */,
				C5EB93A8253F5055008907FD /* FavoriteCell.swift in Sources */,
				C5F0E79E2528E4260007B7C1 /* GFAvatarImageView.swift in Sources */,
				C5E66E142527ACB90052A596 /* GFAlertVC.swift in Sources */,
				C5E859AC2530BAC00069706A /* UserInfoVC.swift in Sources */,
				C5F0E79125289D380007B7C1 /* Follower.swift in Sources */,
				C54430C62518A65F00746B47 /* SceneDelegate.swift in Sources */,
				C5EB93A6253F4106008907FD /* PersistanceManager.swift in Sources */,
				C5CB5AAC25277FAE003164D7 /* GFTitleLabel.swift in Sources */,
				C5E859AE25321F2E0069706A /* GFUserHeaderVC.swift in Sources */,
				C5E859B625360D840069706A /* GFItemInfoVC.swift in Sources */,
				C5E859BA2536153C0069706A /* GFFollowerItemVC.swift in Sources */,
				C5CB5AAA252777FF003164D7 /* FollowerListVC.swift in Sources */,
				C5F0E7992528D4140007B7C1 /* GFError.swift in Sources */,
				C5F0E7A0252B7E390007B7C1 /* UIHelper.swift in Sources */,
				C5F0E7962528BAC60007B7C1 /* NetworkManager.swift in Sources */,
				C5E859B4253607A50069706A /* GFItemInfoView.swift in Sources */,
				C5EE41FB253753910009C50C /* Date+ext.swift in Sources */,
				C54430DE2518C4DB00746B47 /* GFTextField.swift in Sources */,
				C5CB5AAE25278292003164D7 /* GFBodyLabel.swift in Sources */,
			);
			runOnlyForDeploymentPostprocessing = 0;
		};
/* End PBXSourcesBuildPhase section */

/* Begin PBXVariantGroup section */
		C54430CE2518A66000746B47 /* LaunchScreen.storyboard */ = {
			isa = PBXVariantGroup;
			children = (
				C54430CF2518A66000746B47 /* Base */,
			);
			name = LaunchScreen.storyboard;
			sourceTree = "<group>";
		};
/* End PBXVariantGroup section */

/* Begin XCBuildConfiguration section */
		C54430D22518A66000746B47 /* Debug */ = {
			isa = XCBuildConfiguration;
			buildSettings = {
				ALWAYS_SEARCH_USER_PATHS = NO;
				CLANG_ANALYZER_NONNULL = YES;
				CLANG_ANALYZER_NUMBER_OBJECT_CONVERSION = YES_AGGRESSIVE;
				CLANG_CXX_LANGUAGE_STANDARD = "gnu++14";
				CLANG_CXX_LIBRARY = "libc++";
				CLANG_ENABLE_MODULES = YES;
				CLANG_ENABLE_OBJC_ARC = YES;
				CLANG_ENABLE_OBJC_WEAK = YES;
				CLANG_WARN_BLOCK_CAPTURE_AUTORELEASING = YES;
				CLANG_WARN_BOOL_CONVERSION = YES;
				CLANG_WARN_COMMA = YES;
				CLANG_WARN_CONSTANT_CONVERSION = YES;
				CLANG_WARN_DEPRECATED_OBJC_IMPLEMENTATIONS = YES;
				CLANG_WARN_DIRECT_OBJC_ISA_USAGE = YES_ERROR;
				CLANG_WARN_DOCUMENTATION_COMMENTS = YES;
				CLANG_WARN_EMPTY_BODY = YES;
				CLANG_WARN_ENUM_CONVERSION = YES;
				CLANG_WARN_INFINITE_RECURSION = YES;
				CLANG_WARN_INT_CONVERSION = YES;
				CLANG_WARN_NON_LITERAL_NULL_CONVERSION = YES;
				CLANG_WARN_OBJC_IMPLICIT_RETAIN_SELF = YES;
				CLANG_WARN_OBJC_LITERAL_CONVERSION = YES;
				CLANG_WARN_OBJC_ROOT_CLASS = YES_ERROR;
				CLANG_WARN_RANGE_LOOP_ANALYSIS = YES;
				CLANG_WARN_STRICT_PROTOTYPES = YES;
				CLANG_WARN_SUSPICIOUS_MOVE = YES;
				CLANG_WARN_UNGUARDED_AVAILABILITY = YES_AGGRESSIVE;
				CLANG_WARN_UNREACHABLE_CODE = YES;
				CLANG_WARN__DUPLICATE_METHOD_MATCH = YES;
				COPY_PHASE_STRIP = NO;
				DEBUG_INFORMATION_FORMAT = dwarf;
				ENABLE_STRICT_OBJC_MSGSEND = YES;
				ENABLE_TESTABILITY = YES;
				GCC_C_LANGUAGE_STANDARD = gnu11;
				GCC_DYNAMIC_NO_PIC = NO;
				GCC_NO_COMMON_BLOCKS = YES;
				GCC_OPTIMIZATION_LEVEL = 0;
				GCC_PREPROCESSOR_DEFINITIONS = (
					"DEBUG=1",
					"$(inherited)",
				);
				GCC_WARN_64_TO_32_BIT_CONVERSION = YES;
				GCC_WARN_ABOUT_RETURN_TYPE = YES_ERROR;
				GCC_WARN_UNDECLARED_SELECTOR = YES;
				GCC_WARN_UNINITIALIZED_AUTOS = YES_AGGRESSIVE;
				GCC_WARN_UNUSED_FUNCTION = YES;
				GCC_WARN_UNUSED_VARIABLE = YES;
				IPHONEOS_DEPLOYMENT_TARGET = 13.2;
				MTL_ENABLE_DEBUG_INFO = INCLUDE_SOURCE;
				MTL_FAST_MATH = YES;
				ONLY_ACTIVE_ARCH = YES;
				SDKROOT = iphoneos;
				SWIFT_ACTIVE_COMPILATION_CONDITIONS = DEBUG;
				SWIFT_OPTIMIZATION_LEVEL = "-Onone";
			};
			name = Debug;
		};
		C54430D32518A66000746B47 /* Release */ = {
			isa = XCBuildConfiguration;
			buildSettings = {
				ALWAYS_SEARCH_USER_PATHS = NO;
				CLANG_ANALYZER_NONNULL = YES;
				CLANG_ANALYZER_NUMBER_OBJECT_CONVERSION = YES_AGGRESSIVE;
				CLANG_CXX_LANGUAGE_STANDARD = "gnu++14";
				CLANG_CXX_LIBRARY = "libc++";
				CLANG_ENABLE_MODULES = YES;
				CLANG_ENABLE_OBJC_ARC = YES;
				CLANG_ENABLE_OBJC_WEAK = YES;
				CLANG_WARN_BLOCK_CAPTURE_AUTORELEASING = YES;
				CLANG_WARN_BOOL_CONVERSION = YES;
				CLANG_WARN_COMMA = YES;
				CLANG_WARN_CONSTANT_CONVERSION = YES;
				CLANG_WARN_DEPRECATED_OBJC_IMPLEMENTATIONS = YES;
				CLANG_WARN_DIRECT_OBJC_ISA_USAGE = YES_ERROR;
				CLANG_WARN_DOCUMENTATION_COMMENTS = YES;
				CLANG_WARN_EMPTY_BODY = YES;
				CLANG_WARN_ENUM_CONVERSION = YES;
				CLANG_WARN_INFINITE_RECURSION = YES;
				CLANG_WARN_INT_CONVERSION = YES;
				CLANG_WARN_NON_LITERAL_NULL_CONVERSION = YES;
				CLANG_WARN_OBJC_IMPLICIT_RETAIN_SELF = YES;
				CLANG_WARN_OBJC_LITERAL_CONVERSION = YES;
				CLANG_WARN_OBJC_ROOT_CLASS = YES_ERROR;
				CLANG_WARN_RANGE_LOOP_ANALYSIS = YES;
				CLANG_WARN_STRICT_PROTOTYPES = YES;
				CLANG_WARN_SUSPICIOUS_MOVE = YES;
				CLANG_WARN_UNGUARDED_AVAILABILITY = YES_AGGRESSIVE;
				CLANG_WARN_UNREACHABLE_CODE = YES;
				CLANG_WARN__DUPLICATE_METHOD_MATCH = YES;
				COPY_PHASE_STRIP = NO;
				DEBUG_INFORMATION_FORMAT = "dwarf-with-dsym";
				ENABLE_NS_ASSERTIONS = NO;
				ENABLE_STRICT_OBJC_MSGSEND = YES;
				GCC_C_LANGUAGE_STANDARD = gnu11;
				GCC_NO_COMMON_BLOCKS = YES;
				GCC_WARN_64_TO_32_BIT_CONVERSION = YES;
				GCC_WARN_ABOUT_RETURN_TYPE = YES_ERROR;
				GCC_WARN_UNDECLARED_SELECTOR = YES;
				GCC_WARN_UNINITIALIZED_AUTOS = YES_AGGRESSIVE;
				GCC_WARN_UNUSED_FUNCTION = YES;
				GCC_WARN_UNUSED_VARIABLE = YES;
				IPHONEOS_DEPLOYMENT_TARGET = 13.2;
				MTL_ENABLE_DEBUG_INFO = NO;
				MTL_FAST_MATH = YES;
				SDKROOT = iphoneos;
				SWIFT_COMPILATION_MODE = wholemodule;
				SWIFT_OPTIMIZATION_LEVEL = "-O";
				VALIDATE_PRODUCT = YES;
			};
			name = Release;
		};
		C54430D52518A66000746B47 /* Debug */ = {
			isa = XCBuildConfiguration;
			buildSettings = {
				ASSETCATALOG_COMPILER_APPICON_NAME = AppIcon;
				CODE_SIGN_STYLE = Automatic;
				INFOPLIST_FILE = GHFollowers/Info.plist;
				LD_RUNPATH_SEARCH_PATHS = (
					"$(inherited)",
					"@executable_path/Frameworks",
				);
				PRODUCT_BUNDLE_IDENTIFIER = com.dezsoroland.GHFollowers;
				PRODUCT_NAME = "$(TARGET_NAME)";
				SWIFT_VERSION = 5.0;
				TARGETED_DEVICE_FAMILY = "1,2";
			};
			name = Debug;
		};
		C54430D62518A66000746B47 /* Release */ = {
			isa = XCBuildConfiguration;
			buildSettings = {
				ASSETCATALOG_COMPILER_APPICON_NAME = AppIcon;
				CODE_SIGN_STYLE = Automatic;
				INFOPLIST_FILE = GHFollowers/Info.plist;
				LD_RUNPATH_SEARCH_PATHS = (
					"$(inherited)",
					"@executable_path/Frameworks",
				);
				PRODUCT_BUNDLE_IDENTIFIER = com.dezsoroland.GHFollowers;
				PRODUCT_NAME = "$(TARGET_NAME)";
				SWIFT_VERSION = 5.0;
				TARGETED_DEVICE_FAMILY = "1,2";
			};
			name = Release;
		};
/* End XCBuildConfiguration section */

/* Begin XCConfigurationList section */
		C54430BB2518A65F00746B47 /* Build configuration list for PBXProject "GHFollowers" */ = {
			isa = XCConfigurationList;
			buildConfigurations = (
				C54430D22518A66000746B47 /* Debug */,
				C54430D32518A66000746B47 /* Release */,
			);
			defaultConfigurationIsVisible = 0;
			defaultConfigurationName = Release;
		};
		C54430D42518A66000746B47 /* Build configuration list for PBXNativeTarget "GHFollowers" */ = {
			isa = XCConfigurationList;
			buildConfigurations = (
				C54430D52518A66000746B47 /* Debug */,
				C54430D62518A66000746B47 /* Release */,
			);
			defaultConfigurationIsVisible = 0;
			defaultConfigurationName = Release;
		};
/* End XCConfigurationList section */
	};
	rootObject = C54430B82518A65F00746B47 /* Project object */;
}
